
Microsoft Visual Studio Solution File, Format Version 12.00
# Visual Studio Version 16
VisualStudioVersion = 16.0.31025.194
MinimumVisualStudioVersion = 15.0.26124.0
Project("{2150E333-8FDC-42A3-9474-1A3956D46DE8}") = "TTT.AWS.Lambda", "TTT.AWS.Lambda", "{02F4DB97-E5CB-4CE5-ABA8-C491E39B37D3}"
EndProject
Project("{2150E333-8FDC-42A3-9474-1A3956D46DE8}") = "TTT.Lambda.Players", "TTT.Lambda.Players", "{10C2FF4C-79F7-4741-812D-DE6C68F07D24}"
EndProject
Project("{9A19103F-16F7-4668-BE54-9A1E7A4F7556}") = "TTT.AWS.Resources", "TTT.AWS.Resources\TTT.AWS.Resources.csproj", "{429D3057-F8BD-49BA-BAEB-026F7828B9AF}"
EndProject
Project("{9A19103F-16F7-4668-BE54-9A1E7A4F7556}") = "GetPlayerFunction", "GetPlayerFunction\src\GetPlayerFunction\GetPlayerFunction.csproj", "{7FABB3E9-03BF-4F36-BEBC-EAA9CAB1B60B}"
EndProject
Project("{9A19103F-16F7-4668-BE54-9A1E7A4F7556}") = "GetPlayerFunction.Tests", "GetPlayerFunction\test\GetPlayerFunction.Tests\GetPlayerFunction.Tests.csproj", "{AC313B50-5BE8-495C-9530-FFCF9B1112C6}"
EndProject
Project("{9A19103F-16F7-4668-BE54-9A1E7A4F7556}") = "PostPlayerFunction", "PostPlayerFunction\src\PostPlayerFunction\PostPlayerFunction.csproj", "{684C7C25-212F-4674-A471-272F5497A351}"
EndProject
Project("{9A19103F-16F7-4668-BE54-9A1E7A4F7556}") = "PostPlayerFunction.Tests", "PostPlayerFunction\test\PostPlayerFunction.Tests\PostPlayerFunction.Tests.csproj", "{6A1F1153-1D60-421A-903B-FC05C684DE8F}"
EndProject
Project("{9A19103F-16F7-4668-BE54-9A1E7A4F7556}") = "TTT.DomainModel", "TTT.DomainModel\TTT.DomainModel.csproj", "{C1A31800-9CB9-4EA6-B464-D53AEE36B369}"
EndProject
Project("{9A19103F-16F7-4668-BE54-9A1E7A4F7556}") = "GetPlayersFunction", "GetPlayersFunction\src\GetPlayersFunction\GetPlayersFunction.csproj", "{87ECF634-C263-4320-B2B9-646627380085}"
EndProject
Project("{9A19103F-16F7-4668-BE54-9A1E7A4F7556}") = "GetPlayersFunction.Tests", "GetPlayersFunction\test\GetPlayersFunction.Tests\GetPlayersFunction.Tests.csproj", "{F9D84B74-8155-4080-BBFD-4A7B19EC5552}"
EndProject
Project("{2150E333-8FDC-42A3-9474-1A3956D46DE8}") = "Tests", "Tests", "{88C03C03-64E8-4593-9672-579410B155ED}"
EndProject
Project("{9A19103F-16F7-4668-BE54-9A1E7A4F7556}") = "PutPlayerFunction", "PutPlayerFunction\src\PutPlayerFunction\PutPlayerFunction.csproj", "{95AD2484-F66F-48AC-9FDA-F471AA8A3D11}"
EndProject
Project("{9A19103F-16F7-4668-BE54-9A1E7A4F7556}") = "PutPlayerFunction.Tests", "PutPlayerFunction\test\PutPlayerFunction.Tests\PutPlayerFunction.Tests.csproj", "{5241F785-B611-43ED-B5D1-7F0356A17159}"
EndProject
Project("{9A19103F-16F7-4668-BE54-9A1E7A4F7556}") = "DeletePlayerFunction", "DeletePlayerFunction\src\DeletePlayerFunction\DeletePlayerFunction.csproj", "{F13955E1-8796-411D-942E-AC15F6715487}"
EndProject
Project("{9A19103F-16F7-4668-BE54-9A1E7A4F7556}") = "DeletePlayerFunction.Tests", "DeletePlayerFunction\test\DeletePlayerFunction.Tests\DeletePlayerFunction.Tests.csproj", "{81F610FE-5C84-4344-83D5-7F108CCAC207}"
EndProject
Project("{9A19103F-16F7-4668-BE54-9A1E7A4F7556}") = "FunctionCommon", "FunctionCommon\FunctionCommon.csproj", "{9A535273-B3A9-47ED-B52D-703DED51D096}"
EndProject
Project("{9A19103F-16F7-4668-BE54-9A1E7A4F7556}") = "TTT.Players.Repository", "TTT.Players.Repository\TTT.Players.Repository.csproj", "{BC0002DB-20FB-4AB3-8693-98C46D1BFC01}"
EndProject
Project("{2150E333-8FDC-42A3-9474-1A3956D46DE8}") = "TTT.Lambda.Seasons", "TTT.Lambda.Seasons", "{FDC7F5DC-2FCF-4848-8034-95F711305FF8}"
EndProject
Project("{2150E333-8FDC-42A3-9474-1A3956D46DE8}") = "Tests", "Tests", "{2241F88C-1402-4873-9B18-B5C9FB232BD5}"
EndProject
Project("{2150E333-8FDC-42A3-9474-1A3956D46DE8}") = "TTT.DomainServices", "TTT.DomainServices", "{FE448151-96A4-4E5A-9476-CE1581F8CCA2}"
EndProject
Project("{9A19103F-16F7-4668-BE54-9A1E7A4F7556}") = "TTT.Seasons.Repository", "TTT.Seasons.Repository\TTT.Seasons.Repository.csproj", "{9A32E8CC-2ED5-43C6-A9CA-D667C19B03D4}"
EndProject
Project("{9A19103F-16F7-4668-BE54-9A1E7A4F7556}") = "PatchEndSeasonFunction", "PatchEndSeasonFunction\src\PatchEndSeasonFunction\PatchEndSeasonFunction.csproj", "{4DC0AD0D-ECB0-49D0-A07B-FE9B43755E93}"
EndProject
Project("{9A19103F-16F7-4668-BE54-9A1E7A4F7556}") = "PatchEndSeasonFunction.Tests", "PatchEndSeasonFunction\test\PatchEndSeasonFunction.Tests\PatchEndSeasonFunction.Tests.csproj", "{15C9D190-A818-4B4A-A8C2-DFC57A9960BB}"
EndProject
Project("{2150E333-8FDC-42A3-9474-1A3956D46DE8}") = "DataSeed", "DataSeed", "{58A71628-474B-4238-9428-70F0AFFDB22E}"
EndProject
Project("{9A19103F-16F7-4668-BE54-9A1E7A4F7556}") = "DataSeed", "DataSeed\DataSeed.csproj", "{7EC05766-B18E-4310-8453-24DE906143FA}"
EndProject
Project("{9A19103F-16F7-4668-BE54-9A1E7A4F7556}") = "DataSeed.Tests", "DataSeed.Tests\DataSeed.Tests.csproj", "{6CFE4647-7735-4D34-892B-7D02E0257065}"
EndProject
Project("{9A19103F-16F7-4668-BE54-9A1E7A4F7556}") = "TTT.ExternalServices", "TTT.Services\TTT.ExternalServices.csproj", "{CB4EEB3F-2166-4E78-8126-98A5471BCD03}"
EndProject
Project("{9A19103F-16F7-4668-BE54-9A1E7A4F7556}") = "SQSEventStartSeasonFunction", "SQSEventStartSeasonFunction\src\SQSEventStartSeasonFunction\SQSEventStartSeasonFunction.csproj", "{E75368A7-143F-48D4-A285-079AEF2B225F}"
EndProject
Project("{9A19103F-16F7-4668-BE54-9A1E7A4F7556}") = "SQSEventStartSeasonFunction.Tests", "SQSEventStartSeasonFunction\test\SQSEventStartSeasonFunction.Tests\SQSEventStartSeasonFunction.Tests.csproj", "{A7DAE93B-8CBF-4BF4-B08C-C61CCD059425}"
EndProject
Project("{9A19103F-16F7-4668-BE54-9A1E7A4F7556}") = "SQSEventCreateFinalsFunction", "SQSEventCreateFinalsFunction\src\SQSEventCreateFinalsFunction\SQSEventCreateFinalsFunction.csproj", "{F3E5593E-6786-42B5-B877-AD72745D9D7A}"
EndProject
Project("{9A19103F-16F7-4668-BE54-9A1E7A4F7556}") = "SQSEventCreateFinalsFunction.Tests", "SQSEventCreateFinalsFunction\test\SQSEventCreateFinalsFunction.Tests\SQSEventCreateFinalsFunction.Tests.csproj", "{FCF5687C-ECC8-4E7C-95FE-83BD33B77468}"
EndProject
Project("{9A19103F-16F7-4668-BE54-9A1E7A4F7556}") = "GetSeasonPlayersFunction", "GetSeasonPlayersFunction\src\GetSeasonPlayersFunction\GetSeasonPlayersFunction.csproj", "{DDDC8E02-1229-45D3-9C72-C463DC46F697}"
EndProject
Project("{9A19103F-16F7-4668-BE54-9A1E7A4F7556}") = "GetSeasonPlayersFunction.Tests", "GetSeasonPlayersFunction\test\GetSeasonPlayersFunction.Tests\GetSeasonPlayersFunction.Tests.csproj", "{6EB29FDE-DB5D-4355-ADFB-EE96DFF2C4E6}"
EndProject
Project("{9A19103F-16F7-4668-BE54-9A1E7A4F7556}") = "GetSeasonsFunction", "GetSeasonsFunction\src\GetSeasonsFunction\GetSeasonsFunction.csproj", "{3E589711-83B1-4060-A4BE-F6FE2BC0067E}"
EndProject
Project("{9A19103F-16F7-4668-BE54-9A1E7A4F7556}") = "GetSeasonsFunction.Tests", "GetSeasonsFunction\test\GetSeasonsFunction.Tests\GetSeasonsFunction.Tests.csproj", "{5D30CE24-B93E-494D-A598-B5720A973B9B}"
EndProject
Project("{2150E333-8FDC-42A3-9474-1A3956D46DE8}") = "TTT.Lambda.Fixtures", "TTT.Lambda.Fixtures", "{9B4E1ACF-8D99-4C57-B1A6-03355CC90615}"
EndProject
Project("{2150E333-8FDC-42A3-9474-1A3956D46DE8}") = "Tests", "Tests", "{0741C2C9-4157-40FB-B961-9D0EA9901DE5}"
EndProject
Project("{9A19103F-16F7-4668-BE54-9A1E7A4F7556}") = "AddFixtureFunction", "AddFixtureFunction\src\AddFixtureFunction\AddFixtureFunction.csproj", "{75C306CE-6885-4C08-AEE7-07B84D067B70}"
EndProject
Project("{9A19103F-16F7-4668-BE54-9A1E7A4F7556}") = "AddFixtureFunction.Tests", "AddFixtureFunction\test\AddFixtureFunction.Tests\AddFixtureFunction.Tests.csproj", "{524A94D1-5A60-4C2E-8F4F-1B915417C8C8}"
EndProject
Project("{9A19103F-16F7-4668-BE54-9A1E7A4F7556}") = "GetUpcomingFixturesFunction", "GetUpcomingFixturesFunction\src\GetUpcomingFixturesFunction\GetUpcomingFixturesFunction.csproj", "{33D054FA-427B-444B-BB35-B1A7D3D171F8}"
EndProject
Project("{9A19103F-16F7-4668-BE54-9A1E7A4F7556}") = "GetUpcomingFixturesFunction.Tests", "GetUpcomingFixturesFunction\test\GetUpcomingFixturesFunction.Tests\GetUpcomingFixturesFunction.Tests.csproj", "{05BB561F-1C4A-47A3-9183-996BCAF0D094}"
EndProject
Project("{9A19103F-16F7-4668-BE54-9A1E7A4F7556}") = "PutFixtureFunction", "PutFixtureFunction\src\PutFixtureFunction\PutFixtureFunction.csproj", "{B4D681AA-1C53-4FCB-8DA7-7972F80C3B26}"
EndProject
Project("{9A19103F-16F7-4668-BE54-9A1E7A4F7556}") = "PutFixtureFunction.Tests", "PutFixtureFunction\test\PutFixtureFunction.Tests\PutFixtureFunction.Tests.csproj", "{14EB5358-21FA-4D52-A9E2-46AC8733E9E0}"
EndProject
Project("{2150E333-8FDC-42A3-9474-1A3956D46DE8}") = "TTT.Lambda.Notifications", "TTT.Lambda.Notifications", "{1E988BBB-9632-4EF6-884E-401ADBD8699F}"
EndProject
Project("{9A19103F-16F7-4668-BE54-9A1E7A4F7556}") = "RegisterDeviceTokenFunction", "RegisterDeviceTokenFunction\src\RegisterDeviceTokenFunction\RegisterDeviceTokenFunction.csproj", "{D02971BA-E9A5-49BC-8923-5467C0CF3A01}"
EndProject
Project("{9A19103F-16F7-4668-BE54-9A1E7A4F7556}") = "RegisterDeviceTokenFunction.Tests", "RegisterDeviceTokenFunction\test\RegisterDeviceTokenFunction.Tests\RegisterDeviceTokenFunction.Tests.csproj", "{E47FE0BC-0347-41B2-A3C7-9D94DCBA40C9}"
EndProject
Project("{9A19103F-16F7-4668-BE54-9A1E7A4F7556}") = "StartFixtureFunction", "StartFixtureFunction\src\StartFixtureFunction\StartFixtureFunction.csproj", "{C56AC85C-56D8-4DFA-83C3-FCEE837F019D}"
EndProject
Project("{9A19103F-16F7-4668-BE54-9A1E7A4F7556}") = "StartFixtureFunction.Tests", "StartFixtureFunction\test\StartFixtureFunction.Tests\StartFixtureFunction.Tests.csproj", "{1C118DB7-26C6-4B0C-B9D8-463D2CBE70BB}"
EndProject
Project("{2150E333-8FDC-42A3-9474-1A3956D46DE8}") = "TTT.Lambda.PlayerMatches", "TTT.Lambda.PlayerMatches", "{98A6A2FD-9E99-4C71-93DB-D00DEE4A4170}"
EndProject
Project("{2150E333-8FDC-42A3-9474-1A3956D46DE8}") = "Tests", "Tests", "{C6E0247F-CF50-4BF0-AE99-B69C83D3A0B3}"
EndProject
Project("{9A19103F-16F7-4668-BE54-9A1E7A4F7556}") = "PatchGroupMatchFunction", "PatchGroupMatchFunction\src\PatchGroupMatchFunction\PatchGroupMatchFunction.csproj", "{9431BAF6-6192-40AD-8158-5096B57721D9}"
EndProject
Project("{9A19103F-16F7-4668-BE54-9A1E7A4F7556}") = "EndGroupStageFunction", "EndGroupStageFunction\src\EndGroupStageFunction\EndGroupStageFunction.csproj", "{8E494D01-F42C-43FB-8DF9-1136BABD5EC5}"
EndProject
Project("{9A19103F-16F7-4668-BE54-9A1E7A4F7556}") = "EndGroupStageFunction.Tests", "EndGroupStageFunction\test\EndGroupStageFunction.Tests\EndGroupStageFunction.Tests.csproj", "{9B7BB17C-98EE-41AE-91F9-BF95229272A7}"
EndProject
Project("{9A19103F-16F7-4668-BE54-9A1E7A4F7556}") = "PatchDeciderMatchFunction", "PatchDeciderMatchFunction\src\PatchDeciderMatchFunction\PatchDeciderMatchFunction.csproj", "{60ABAC34-05B7-41AE-A466-DEFBF607C106}"
EndProject
Project("{9A19103F-16F7-4668-BE54-9A1E7A4F7556}") = "PatchDeciderMatchFunction.Tests", "PatchDeciderMatchFunction\test\PatchDeciderMatchFunction.Tests\PatchDeciderMatchFunction.Tests.csproj", "{9C15A103-AAAB-4ADD-B9D3-1F5CC0AD1E0A}"
EndProject
Project("{2150E333-8FDC-42A3-9474-1A3956D46DE8}") = "Tests", "Tests", "{4BC34B92-6EB9-4F7A-84DA-BBA341BAEFEC}"
EndProject
Project("{9A19103F-16F7-4668-BE54-9A1E7A4F7556}") = "SendNotificationFunction", "SendNotificationFunction\src\SendNotificationFunction\SendNotificationFunction.csproj", "{0CDD3DFA-BE30-4C0C-B601-D7774EDA83A9}"
EndProject
Project("{9A19103F-16F7-4668-BE54-9A1E7A4F7556}") = "EndFixtureFunction", "EndFixtureFunction\src\EndFixtureFunction\EndFixtureFunction.csproj", "{4CB906C4-DE76-4C28-90D6-BF27A43F09AA}"
EndProject
Project("{9A19103F-16F7-4668-BE54-9A1E7A4F7556}") = "SQSEventUpdatePlayersStatsFunction", "SQSEventUpdatePlayersStatsFunction\src\SQSEventUpdatePlayersStatsFunction\SQSEventUpdatePlayersStatsFunction.csproj", "{9BA423CA-1225-4827-B672-9949F6001C1C}"
EndProject
Global
	GlobalSection(SolutionConfigurationPlatforms) = preSolution
		Debug|Any CPU = Debug|Any CPU
		Debug|x64 = Debug|x64
		Debug|x86 = Debug|x86
		Release|Any CPU = Release|Any CPU
		Release|x64 = Release|x64
		Release|x86 = Release|x86
	EndGlobalSection
	GlobalSection(ProjectConfigurationPlatforms) = postSolution
		{429D3057-F8BD-49BA-BAEB-026F7828B9AF}.Debug|Any CPU.ActiveCfg = Debug|Any CPU
		{429D3057-F8BD-49BA-BAEB-026F7828B9AF}.Debug|Any CPU.Build.0 = Debug|Any CPU
		{429D3057-F8BD-49BA-BAEB-026F7828B9AF}.Debug|x64.ActiveCfg = Debug|Any CPU
		{429D3057-F8BD-49BA-BAEB-026F7828B9AF}.Debug|x64.Build.0 = Debug|Any CPU
		{429D3057-F8BD-49BA-BAEB-026F7828B9AF}.Debug|x86.ActiveCfg = Debug|Any CPU
		{429D3057-F8BD-49BA-BAEB-026F7828B9AF}.Debug|x86.Build.0 = Debug|Any CPU
		{429D3057-F8BD-49BA-BAEB-026F7828B9AF}.Release|Any CPU.ActiveCfg = Release|Any CPU
		{429D3057-F8BD-49BA-BAEB-026F7828B9AF}.Release|Any CPU.Build.0 = Release|Any CPU
		{429D3057-F8BD-49BA-BAEB-026F7828B9AF}.Release|x64.ActiveCfg = Release|Any CPU
		{429D3057-F8BD-49BA-BAEB-026F7828B9AF}.Release|x64.Build.0 = Release|Any CPU
		{429D3057-F8BD-49BA-BAEB-026F7828B9AF}.Release|x86.ActiveCfg = Release|Any CPU
		{429D3057-F8BD-49BA-BAEB-026F7828B9AF}.Release|x86.Build.0 = Release|Any CPU
		{7FABB3E9-03BF-4F36-BEBC-EAA9CAB1B60B}.Debug|Any CPU.ActiveCfg = Debug|Any CPU
		{7FABB3E9-03BF-4F36-BEBC-EAA9CAB1B60B}.Debug|Any CPU.Build.0 = Debug|Any CPU
		{7FABB3E9-03BF-4F36-BEBC-EAA9CAB1B60B}.Debug|x64.ActiveCfg = Debug|Any CPU
		{7FABB3E9-03BF-4F36-BEBC-EAA9CAB1B60B}.Debug|x64.Build.0 = Debug|Any CPU
		{7FABB3E9-03BF-4F36-BEBC-EAA9CAB1B60B}.Debug|x86.ActiveCfg = Debug|Any CPU
		{7FABB3E9-03BF-4F36-BEBC-EAA9CAB1B60B}.Debug|x86.Build.0 = Debug|Any CPU
		{7FABB3E9-03BF-4F36-BEBC-EAA9CAB1B60B}.Release|Any CPU.ActiveCfg = Release|Any CPU
		{7FABB3E9-03BF-4F36-BEBC-EAA9CAB1B60B}.Release|Any CPU.Build.0 = Release|Any CPU
		{7FABB3E9-03BF-4F36-BEBC-EAA9CAB1B60B}.Release|x64.ActiveCfg = Release|Any CPU
		{7FABB3E9-03BF-4F36-BEBC-EAA9CAB1B60B}.Release|x64.Build.0 = Release|Any CPU
		{7FABB3E9-03BF-4F36-BEBC-EAA9CAB1B60B}.Release|x86.ActiveCfg = Release|Any CPU
		{7FABB3E9-03BF-4F36-BEBC-EAA9CAB1B60B}.Release|x86.Build.0 = Release|Any CPU
		{AC313B50-5BE8-495C-9530-FFCF9B1112C6}.Debug|Any CPU.ActiveCfg = Debug|Any CPU
		{AC313B50-5BE8-495C-9530-FFCF9B1112C6}.Debug|Any CPU.Build.0 = Debug|Any CPU
		{AC313B50-5BE8-495C-9530-FFCF9B1112C6}.Debug|x64.ActiveCfg = Debug|Any CPU
		{AC313B50-5BE8-495C-9530-FFCF9B1112C6}.Debug|x64.Build.0 = Debug|Any CPU
		{AC313B50-5BE8-495C-9530-FFCF9B1112C6}.Debug|x86.ActiveCfg = Debug|Any CPU
		{AC313B50-5BE8-495C-9530-FFCF9B1112C6}.Debug|x86.Build.0 = Debug|Any CPU
		{AC313B50-5BE8-495C-9530-FFCF9B1112C6}.Release|Any CPU.ActiveCfg = Release|Any CPU
		{AC313B50-5BE8-495C-9530-FFCF9B1112C6}.Release|Any CPU.Build.0 = Release|Any CPU
		{AC313B50-5BE8-495C-9530-FFCF9B1112C6}.Release|x64.ActiveCfg = Release|Any CPU
		{AC313B50-5BE8-495C-9530-FFCF9B1112C6}.Release|x64.Build.0 = Release|Any CPU
		{AC313B50-5BE8-495C-9530-FFCF9B1112C6}.Release|x86.ActiveCfg = Release|Any CPU
		{AC313B50-5BE8-495C-9530-FFCF9B1112C6}.Release|x86.Build.0 = Release|Any CPU
		{684C7C25-212F-4674-A471-272F5497A351}.Debug|Any CPU.ActiveCfg = Debug|Any CPU
		{684C7C25-212F-4674-A471-272F5497A351}.Debug|Any CPU.Build.0 = Debug|Any CPU
		{684C7C25-212F-4674-A471-272F5497A351}.Debug|x64.ActiveCfg = Debug|Any CPU
		{684C7C25-212F-4674-A471-272F5497A351}.Debug|x64.Build.0 = Debug|Any CPU
		{684C7C25-212F-4674-A471-272F5497A351}.Debug|x86.ActiveCfg = Debug|Any CPU
		{684C7C25-212F-4674-A471-272F5497A351}.Debug|x86.Build.0 = Debug|Any CPU
		{684C7C25-212F-4674-A471-272F5497A351}.Release|Any CPU.ActiveCfg = Release|Any CPU
		{684C7C25-212F-4674-A471-272F5497A351}.Release|Any CPU.Build.0 = Release|Any CPU
		{684C7C25-212F-4674-A471-272F5497A351}.Release|x64.ActiveCfg = Release|Any CPU
		{684C7C25-212F-4674-A471-272F5497A351}.Release|x64.Build.0 = Release|Any CPU
		{684C7C25-212F-4674-A471-272F5497A351}.Release|x86.ActiveCfg = Release|Any CPU
		{684C7C25-212F-4674-A471-272F5497A351}.Release|x86.Build.0 = Release|Any CPU
		{6A1F1153-1D60-421A-903B-FC05C684DE8F}.Debug|Any CPU.ActiveCfg = Debug|Any CPU
		{6A1F1153-1D60-421A-903B-FC05C684DE8F}.Debug|Any CPU.Build.0 = Debug|Any CPU
		{6A1F1153-1D60-421A-903B-FC05C684DE8F}.Debug|x64.ActiveCfg = Debug|Any CPU
		{6A1F1153-1D60-421A-903B-FC05C684DE8F}.Debug|x64.Build.0 = Debug|Any CPU
		{6A1F1153-1D60-421A-903B-FC05C684DE8F}.Debug|x86.ActiveCfg = Debug|Any CPU
		{6A1F1153-1D60-421A-903B-FC05C684DE8F}.Debug|x86.Build.0 = Debug|Any CPU
		{6A1F1153-1D60-421A-903B-FC05C684DE8F}.Release|Any CPU.ActiveCfg = Release|Any CPU
		{6A1F1153-1D60-421A-903B-FC05C684DE8F}.Release|Any CPU.Build.0 = Release|Any CPU
		{6A1F1153-1D60-421A-903B-FC05C684DE8F}.Release|x64.ActiveCfg = Release|Any CPU
		{6A1F1153-1D60-421A-903B-FC05C684DE8F}.Release|x64.Build.0 = Release|Any CPU
		{6A1F1153-1D60-421A-903B-FC05C684DE8F}.Release|x86.ActiveCfg = Release|Any CPU
		{6A1F1153-1D60-421A-903B-FC05C684DE8F}.Release|x86.Build.0 = Release|Any CPU
		{C1A31800-9CB9-4EA6-B464-D53AEE36B369}.Debug|Any CPU.ActiveCfg = Debug|Any CPU
		{C1A31800-9CB9-4EA6-B464-D53AEE36B369}.Debug|Any CPU.Build.0 = Debug|Any CPU
		{C1A31800-9CB9-4EA6-B464-D53AEE36B369}.Debug|x64.ActiveCfg = Debug|Any CPU
		{C1A31800-9CB9-4EA6-B464-D53AEE36B369}.Debug|x64.Build.0 = Debug|Any CPU
		{C1A31800-9CB9-4EA6-B464-D53AEE36B369}.Debug|x86.ActiveCfg = Debug|Any CPU
		{C1A31800-9CB9-4EA6-B464-D53AEE36B369}.Debug|x86.Build.0 = Debug|Any CPU
		{C1A31800-9CB9-4EA6-B464-D53AEE36B369}.Release|Any CPU.ActiveCfg = Release|Any CPU
		{C1A31800-9CB9-4EA6-B464-D53AEE36B369}.Release|Any CPU.Build.0 = Release|Any CPU
		{C1A31800-9CB9-4EA6-B464-D53AEE36B369}.Release|x64.ActiveCfg = Release|Any CPU
		{C1A31800-9CB9-4EA6-B464-D53AEE36B369}.Release|x64.Build.0 = Release|Any CPU
		{C1A31800-9CB9-4EA6-B464-D53AEE36B369}.Release|x86.ActiveCfg = Release|Any CPU
		{C1A31800-9CB9-4EA6-B464-D53AEE36B369}.Release|x86.Build.0 = Release|Any CPU
		{87ECF634-C263-4320-B2B9-646627380085}.Debug|Any CPU.ActiveCfg = Debug|Any CPU
		{87ECF634-C263-4320-B2B9-646627380085}.Debug|Any CPU.Build.0 = Debug|Any CPU
		{87ECF634-C263-4320-B2B9-646627380085}.Debug|x64.ActiveCfg = Debug|Any CPU
		{87ECF634-C263-4320-B2B9-646627380085}.Debug|x64.Build.0 = Debug|Any CPU
		{87ECF634-C263-4320-B2B9-646627380085}.Debug|x86.ActiveCfg = Debug|Any CPU
		{87ECF634-C263-4320-B2B9-646627380085}.Debug|x86.Build.0 = Debug|Any CPU
		{87ECF634-C263-4320-B2B9-646627380085}.Release|Any CPU.ActiveCfg = Release|Any CPU
		{87ECF634-C263-4320-B2B9-646627380085}.Release|Any CPU.Build.0 = Release|Any CPU
		{87ECF634-C263-4320-B2B9-646627380085}.Release|x64.ActiveCfg = Release|Any CPU
		{87ECF634-C263-4320-B2B9-646627380085}.Release|x64.Build.0 = Release|Any CPU
		{87ECF634-C263-4320-B2B9-646627380085}.Release|x86.ActiveCfg = Release|Any CPU
		{87ECF634-C263-4320-B2B9-646627380085}.Release|x86.Build.0 = Release|Any CPU
		{F9D84B74-8155-4080-BBFD-4A7B19EC5552}.Debug|Any CPU.ActiveCfg = Debug|Any CPU
		{F9D84B74-8155-4080-BBFD-4A7B19EC5552}.Debug|Any CPU.Build.0 = Debug|Any CPU
		{F9D84B74-8155-4080-BBFD-4A7B19EC5552}.Debug|x64.ActiveCfg = Debug|Any CPU
		{F9D84B74-8155-4080-BBFD-4A7B19EC5552}.Debug|x64.Build.0 = Debug|Any CPU
		{F9D84B74-8155-4080-BBFD-4A7B19EC5552}.Debug|x86.ActiveCfg = Debug|Any CPU
		{F9D84B74-8155-4080-BBFD-4A7B19EC5552}.Debug|x86.Build.0 = Debug|Any CPU
		{F9D84B74-8155-4080-BBFD-4A7B19EC5552}.Release|Any CPU.ActiveCfg = Release|Any CPU
		{F9D84B74-8155-4080-BBFD-4A7B19EC5552}.Release|Any CPU.Build.0 = Release|Any CPU
		{F9D84B74-8155-4080-BBFD-4A7B19EC5552}.Release|x64.ActiveCfg = Release|Any CPU
		{F9D84B74-8155-4080-BBFD-4A7B19EC5552}.Release|x64.Build.0 = Release|Any CPU
		{F9D84B74-8155-4080-BBFD-4A7B19EC5552}.Release|x86.ActiveCfg = Release|Any CPU
		{F9D84B74-8155-4080-BBFD-4A7B19EC5552}.Release|x86.Build.0 = Release|Any CPU
		{95AD2484-F66F-48AC-9FDA-F471AA8A3D11}.Debug|Any CPU.ActiveCfg = Debug|Any CPU
		{95AD2484-F66F-48AC-9FDA-F471AA8A3D11}.Debug|Any CPU.Build.0 = Debug|Any CPU
		{95AD2484-F66F-48AC-9FDA-F471AA8A3D11}.Debug|x64.ActiveCfg = Debug|Any CPU
		{95AD2484-F66F-48AC-9FDA-F471AA8A3D11}.Debug|x64.Build.0 = Debug|Any CPU
		{95AD2484-F66F-48AC-9FDA-F471AA8A3D11}.Debug|x86.ActiveCfg = Debug|Any CPU
		{95AD2484-F66F-48AC-9FDA-F471AA8A3D11}.Debug|x86.Build.0 = Debug|Any CPU
		{95AD2484-F66F-48AC-9FDA-F471AA8A3D11}.Release|Any CPU.ActiveCfg = Release|Any CPU
		{95AD2484-F66F-48AC-9FDA-F471AA8A3D11}.Release|Any CPU.Build.0 = Release|Any CPU
		{95AD2484-F66F-48AC-9FDA-F471AA8A3D11}.Release|x64.ActiveCfg = Release|Any CPU
		{95AD2484-F66F-48AC-9FDA-F471AA8A3D11}.Release|x64.Build.0 = Release|Any CPU
		{95AD2484-F66F-48AC-9FDA-F471AA8A3D11}.Release|x86.ActiveCfg = Release|Any CPU
		{95AD2484-F66F-48AC-9FDA-F471AA8A3D11}.Release|x86.Build.0 = Release|Any CPU
		{5241F785-B611-43ED-B5D1-7F0356A17159}.Debug|Any CPU.ActiveCfg = Debug|Any CPU
		{5241F785-B611-43ED-B5D1-7F0356A17159}.Debug|Any CPU.Build.0 = Debug|Any CPU
		{5241F785-B611-43ED-B5D1-7F0356A17159}.Debug|x64.ActiveCfg = Debug|Any CPU
		{5241F785-B611-43ED-B5D1-7F0356A17159}.Debug|x64.Build.0 = Debug|Any CPU
		{5241F785-B611-43ED-B5D1-7F0356A17159}.Debug|x86.ActiveCfg = Debug|Any CPU
		{5241F785-B611-43ED-B5D1-7F0356A17159}.Debug|x86.Build.0 = Debug|Any CPU
		{5241F785-B611-43ED-B5D1-7F0356A17159}.Release|Any CPU.ActiveCfg = Release|Any CPU
		{5241F785-B611-43ED-B5D1-7F0356A17159}.Release|Any CPU.Build.0 = Release|Any CPU
		{5241F785-B611-43ED-B5D1-7F0356A17159}.Release|x64.ActiveCfg = Release|Any CPU
		{5241F785-B611-43ED-B5D1-7F0356A17159}.Release|x64.Build.0 = Release|Any CPU
		{5241F785-B611-43ED-B5D1-7F0356A17159}.Release|x86.ActiveCfg = Release|Any CPU
		{5241F785-B611-43ED-B5D1-7F0356A17159}.Release|x86.Build.0 = Release|Any CPU
		{F13955E1-8796-411D-942E-AC15F6715487}.Debug|Any CPU.ActiveCfg = Debug|Any CPU
		{F13955E1-8796-411D-942E-AC15F6715487}.Debug|Any CPU.Build.0 = Debug|Any CPU
		{F13955E1-8796-411D-942E-AC15F6715487}.Debug|x64.ActiveCfg = Debug|Any CPU
		{F13955E1-8796-411D-942E-AC15F6715487}.Debug|x64.Build.0 = Debug|Any CPU
		{F13955E1-8796-411D-942E-AC15F6715487}.Debug|x86.ActiveCfg = Debug|Any CPU
		{F13955E1-8796-411D-942E-AC15F6715487}.Debug|x86.Build.0 = Debug|Any CPU
		{F13955E1-8796-411D-942E-AC15F6715487}.Release|Any CPU.ActiveCfg = Release|Any CPU
		{F13955E1-8796-411D-942E-AC15F6715487}.Release|Any CPU.Build.0 = Release|Any CPU
		{F13955E1-8796-411D-942E-AC15F6715487}.Release|x64.ActiveCfg = Release|Any CPU
		{F13955E1-8796-411D-942E-AC15F6715487}.Release|x64.Build.0 = Release|Any CPU
		{F13955E1-8796-411D-942E-AC15F6715487}.Release|x86.ActiveCfg = Release|Any CPU
		{F13955E1-8796-411D-942E-AC15F6715487}.Release|x86.Build.0 = Release|Any CPU
		{81F610FE-5C84-4344-83D5-7F108CCAC207}.Debug|Any CPU.ActiveCfg = Debug|Any CPU
		{81F610FE-5C84-4344-83D5-7F108CCAC207}.Debug|Any CPU.Build.0 = Debug|Any CPU
		{81F610FE-5C84-4344-83D5-7F108CCAC207}.Debug|x64.ActiveCfg = Debug|Any CPU
		{81F610FE-5C84-4344-83D5-7F108CCAC207}.Debug|x64.Build.0 = Debug|Any CPU
		{81F610FE-5C84-4344-83D5-7F108CCAC207}.Debug|x86.ActiveCfg = Debug|Any CPU
		{81F610FE-5C84-4344-83D5-7F108CCAC207}.Debug|x86.Build.0 = Debug|Any CPU
		{81F610FE-5C84-4344-83D5-7F108CCAC207}.Release|Any CPU.ActiveCfg = Release|Any CPU
		{81F610FE-5C84-4344-83D5-7F108CCAC207}.Release|Any CPU.Build.0 = Release|Any CPU
		{81F610FE-5C84-4344-83D5-7F108CCAC207}.Release|x64.ActiveCfg = Release|Any CPU
		{81F610FE-5C84-4344-83D5-7F108CCAC207}.Release|x64.Build.0 = Release|Any CPU
		{81F610FE-5C84-4344-83D5-7F108CCAC207}.Release|x86.ActiveCfg = Release|Any CPU
		{81F610FE-5C84-4344-83D5-7F108CCAC207}.Release|x86.Build.0 = Release|Any CPU
		{9A535273-B3A9-47ED-B52D-703DED51D096}.Debug|Any CPU.ActiveCfg = Debug|Any CPU
		{9A535273-B3A9-47ED-B52D-703DED51D096}.Debug|Any CPU.Build.0 = Debug|Any CPU
		{9A535273-B3A9-47ED-B52D-703DED51D096}.Debug|x64.ActiveCfg = Debug|Any CPU
		{9A535273-B3A9-47ED-B52D-703DED51D096}.Debug|x64.Build.0 = Debug|Any CPU
		{9A535273-B3A9-47ED-B52D-703DED51D096}.Debug|x86.ActiveCfg = Debug|Any CPU
		{9A535273-B3A9-47ED-B52D-703DED51D096}.Debug|x86.Build.0 = Debug|Any CPU
		{9A535273-B3A9-47ED-B52D-703DED51D096}.Release|Any CPU.ActiveCfg = Release|Any CPU
		{9A535273-B3A9-47ED-B52D-703DED51D096}.Release|Any CPU.Build.0 = Release|Any CPU
		{9A535273-B3A9-47ED-B52D-703DED51D096}.Release|x64.ActiveCfg = Release|Any CPU
		{9A535273-B3A9-47ED-B52D-703DED51D096}.Release|x64.Build.0 = Release|Any CPU
		{9A535273-B3A9-47ED-B52D-703DED51D096}.Release|x86.ActiveCfg = Release|Any CPU
		{9A535273-B3A9-47ED-B52D-703DED51D096}.Release|x86.Build.0 = Release|Any CPU
		{BC0002DB-20FB-4AB3-8693-98C46D1BFC01}.Debug|Any CPU.ActiveCfg = Debug|Any CPU
		{BC0002DB-20FB-4AB3-8693-98C46D1BFC01}.Debug|Any CPU.Build.0 = Debug|Any CPU
		{BC0002DB-20FB-4AB3-8693-98C46D1BFC01}.Debug|x64.ActiveCfg = Debug|Any CPU
		{BC0002DB-20FB-4AB3-8693-98C46D1BFC01}.Debug|x64.Build.0 = Debug|Any CPU
		{BC0002DB-20FB-4AB3-8693-98C46D1BFC01}.Debug|x86.ActiveCfg = Debug|Any CPU
		{BC0002DB-20FB-4AB3-8693-98C46D1BFC01}.Debug|x86.Build.0 = Debug|Any CPU
		{BC0002DB-20FB-4AB3-8693-98C46D1BFC01}.Release|Any CPU.ActiveCfg = Release|Any CPU
		{BC0002DB-20FB-4AB3-8693-98C46D1BFC01}.Release|Any CPU.Build.0 = Release|Any CPU
		{BC0002DB-20FB-4AB3-8693-98C46D1BFC01}.Release|x64.ActiveCfg = Release|Any CPU
		{BC0002DB-20FB-4AB3-8693-98C46D1BFC01}.Release|x64.Build.0 = Release|Any CPU
		{BC0002DB-20FB-4AB3-8693-98C46D1BFC01}.Release|x86.ActiveCfg = Release|Any CPU
		{BC0002DB-20FB-4AB3-8693-98C46D1BFC01}.Release|x86.Build.0 = Release|Any CPU
		{9A32E8CC-2ED5-43C6-A9CA-D667C19B03D4}.Debug|Any CPU.ActiveCfg = Debug|Any CPU
		{9A32E8CC-2ED5-43C6-A9CA-D667C19B03D4}.Debug|Any CPU.Build.0 = Debug|Any CPU
		{9A32E8CC-2ED5-43C6-A9CA-D667C19B03D4}.Debug|x64.ActiveCfg = Debug|Any CPU
		{9A32E8CC-2ED5-43C6-A9CA-D667C19B03D4}.Debug|x64.Build.0 = Debug|Any CPU
		{9A32E8CC-2ED5-43C6-A9CA-D667C19B03D4}.Debug|x86.ActiveCfg = Debug|Any CPU
		{9A32E8CC-2ED5-43C6-A9CA-D667C19B03D4}.Debug|x86.Build.0 = Debug|Any CPU
		{9A32E8CC-2ED5-43C6-A9CA-D667C19B03D4}.Release|Any CPU.ActiveCfg = Release|Any CPU
		{9A32E8CC-2ED5-43C6-A9CA-D667C19B03D4}.Release|Any CPU.Build.0 = Release|Any CPU
		{9A32E8CC-2ED5-43C6-A9CA-D667C19B03D4}.Release|x64.ActiveCfg = Release|Any CPU
		{9A32E8CC-2ED5-43C6-A9CA-D667C19B03D4}.Release|x64.Build.0 = Release|Any CPU
		{9A32E8CC-2ED5-43C6-A9CA-D667C19B03D4}.Release|x86.ActiveCfg = Release|Any CPU
		{9A32E8CC-2ED5-43C6-A9CA-D667C19B03D4}.Release|x86.Build.0 = Release|Any CPU
		{4DC0AD0D-ECB0-49D0-A07B-FE9B43755E93}.Debug|Any CPU.ActiveCfg = Debug|Any CPU
		{4DC0AD0D-ECB0-49D0-A07B-FE9B43755E93}.Debug|Any CPU.Build.0 = Debug|Any CPU
		{4DC0AD0D-ECB0-49D0-A07B-FE9B43755E93}.Debug|x64.ActiveCfg = Debug|Any CPU
		{4DC0AD0D-ECB0-49D0-A07B-FE9B43755E93}.Debug|x64.Build.0 = Debug|Any CPU
		{4DC0AD0D-ECB0-49D0-A07B-FE9B43755E93}.Debug|x86.ActiveCfg = Debug|Any CPU
		{4DC0AD0D-ECB0-49D0-A07B-FE9B43755E93}.Debug|x86.Build.0 = Debug|Any CPU
		{4DC0AD0D-ECB0-49D0-A07B-FE9B43755E93}.Release|Any CPU.ActiveCfg = Release|Any CPU
		{4DC0AD0D-ECB0-49D0-A07B-FE9B43755E93}.Release|Any CPU.Build.0 = Release|Any CPU
		{4DC0AD0D-ECB0-49D0-A07B-FE9B43755E93}.Release|x64.ActiveCfg = Release|Any CPU
		{4DC0AD0D-ECB0-49D0-A07B-FE9B43755E93}.Release|x64.Build.0 = Release|Any CPU
		{4DC0AD0D-ECB0-49D0-A07B-FE9B43755E93}.Release|x86.ActiveCfg = Release|Any CPU
		{4DC0AD0D-ECB0-49D0-A07B-FE9B43755E93}.Release|x86.Build.0 = Release|Any CPU
		{15C9D190-A818-4B4A-A8C2-DFC57A9960BB}.Debug|Any CPU.ActiveCfg = Debug|Any CPU
		{15C9D190-A818-4B4A-A8C2-DFC57A9960BB}.Debug|Any CPU.Build.0 = Debug|Any CPU
		{15C9D190-A818-4B4A-A8C2-DFC57A9960BB}.Debug|x64.ActiveCfg = Debug|Any CPU
		{15C9D190-A818-4B4A-A8C2-DFC57A9960BB}.Debug|x64.Build.0 = Debug|Any CPU
		{15C9D190-A818-4B4A-A8C2-DFC57A9960BB}.Debug|x86.ActiveCfg = Debug|Any CPU
		{15C9D190-A818-4B4A-A8C2-DFC57A9960BB}.Debug|x86.Build.0 = Debug|Any CPU
		{15C9D190-A818-4B4A-A8C2-DFC57A9960BB}.Release|Any CPU.ActiveCfg = Release|Any CPU
		{15C9D190-A818-4B4A-A8C2-DFC57A9960BB}.Release|Any CPU.Build.0 = Release|Any CPU
		{15C9D190-A818-4B4A-A8C2-DFC57A9960BB}.Release|x64.ActiveCfg = Release|Any CPU
		{15C9D190-A818-4B4A-A8C2-DFC57A9960BB}.Release|x64.Build.0 = Release|Any CPU
		{15C9D190-A818-4B4A-A8C2-DFC57A9960BB}.Release|x86.ActiveCfg = Release|Any CPU
		{15C9D190-A818-4B4A-A8C2-DFC57A9960BB}.Release|x86.Build.0 = Release|Any CPU
		{7EC05766-B18E-4310-8453-24DE906143FA}.Debug|Any CPU.ActiveCfg = Debug|Any CPU
		{7EC05766-B18E-4310-8453-24DE906143FA}.Debug|Any CPU.Build.0 = Debug|Any CPU
		{7EC05766-B18E-4310-8453-24DE906143FA}.Debug|x64.ActiveCfg = Debug|Any CPU
		{7EC05766-B18E-4310-8453-24DE906143FA}.Debug|x64.Build.0 = Debug|Any CPU
		{7EC05766-B18E-4310-8453-24DE906143FA}.Debug|x86.ActiveCfg = Debug|Any CPU
		{7EC05766-B18E-4310-8453-24DE906143FA}.Debug|x86.Build.0 = Debug|Any CPU
		{7EC05766-B18E-4310-8453-24DE906143FA}.Release|Any CPU.ActiveCfg = Release|Any CPU
		{7EC05766-B18E-4310-8453-24DE906143FA}.Release|Any CPU.Build.0 = Release|Any CPU
		{7EC05766-B18E-4310-8453-24DE906143FA}.Release|x64.ActiveCfg = Release|Any CPU
		{7EC05766-B18E-4310-8453-24DE906143FA}.Release|x64.Build.0 = Release|Any CPU
		{7EC05766-B18E-4310-8453-24DE906143FA}.Release|x86.ActiveCfg = Release|Any CPU
		{7EC05766-B18E-4310-8453-24DE906143FA}.Release|x86.Build.0 = Release|Any CPU
		{6CFE4647-7735-4D34-892B-7D02E0257065}.Debug|Any CPU.ActiveCfg = Debug|Any CPU
		{6CFE4647-7735-4D34-892B-7D02E0257065}.Debug|Any CPU.Build.0 = Debug|Any CPU
		{6CFE4647-7735-4D34-892B-7D02E0257065}.Debug|x64.ActiveCfg = Debug|Any CPU
		{6CFE4647-7735-4D34-892B-7D02E0257065}.Debug|x64.Build.0 = Debug|Any CPU
		{6CFE4647-7735-4D34-892B-7D02E0257065}.Debug|x86.ActiveCfg = Debug|Any CPU
		{6CFE4647-7735-4D34-892B-7D02E0257065}.Debug|x86.Build.0 = Debug|Any CPU
		{6CFE4647-7735-4D34-892B-7D02E0257065}.Release|Any CPU.ActiveCfg = Release|Any CPU
		{6CFE4647-7735-4D34-892B-7D02E0257065}.Release|Any CPU.Build.0 = Release|Any CPU
		{6CFE4647-7735-4D34-892B-7D02E0257065}.Release|x64.ActiveCfg = Release|Any CPU
		{6CFE4647-7735-4D34-892B-7D02E0257065}.Release|x64.Build.0 = Release|Any CPU
		{6CFE4647-7735-4D34-892B-7D02E0257065}.Release|x86.ActiveCfg = Release|Any CPU
		{6CFE4647-7735-4D34-892B-7D02E0257065}.Release|x86.Build.0 = Release|Any CPU
		{CB4EEB3F-2166-4E78-8126-98A5471BCD03}.Debug|Any CPU.ActiveCfg = Debug|Any CPU
		{CB4EEB3F-2166-4E78-8126-98A5471BCD03}.Debug|Any CPU.Build.0 = Debug|Any CPU
		{CB4EEB3F-2166-4E78-8126-98A5471BCD03}.Debug|x64.ActiveCfg = Debug|Any CPU
		{CB4EEB3F-2166-4E78-8126-98A5471BCD03}.Debug|x64.Build.0 = Debug|Any CPU
		{CB4EEB3F-2166-4E78-8126-98A5471BCD03}.Debug|x86.ActiveCfg = Debug|Any CPU
		{CB4EEB3F-2166-4E78-8126-98A5471BCD03}.Debug|x86.Build.0 = Debug|Any CPU
		{CB4EEB3F-2166-4E78-8126-98A5471BCD03}.Release|Any CPU.ActiveCfg = Release|Any CPU
		{CB4EEB3F-2166-4E78-8126-98A5471BCD03}.Release|Any CPU.Build.0 = Release|Any CPU
		{CB4EEB3F-2166-4E78-8126-98A5471BCD03}.Release|x64.ActiveCfg = Release|Any CPU
		{CB4EEB3F-2166-4E78-8126-98A5471BCD03}.Release|x64.Build.0 = Release|Any CPU
		{CB4EEB3F-2166-4E78-8126-98A5471BCD03}.Release|x86.ActiveCfg = Release|Any CPU
		{CB4EEB3F-2166-4E78-8126-98A5471BCD03}.Release|x86.Build.0 = Release|Any CPU
		{E75368A7-143F-48D4-A285-079AEF2B225F}.Debug|Any CPU.ActiveCfg = Debug|Any CPU
		{E75368A7-143F-48D4-A285-079AEF2B225F}.Debug|Any CPU.Build.0 = Debug|Any CPU
		{E75368A7-143F-48D4-A285-079AEF2B225F}.Debug|x64.ActiveCfg = Debug|Any CPU
		{E75368A7-143F-48D4-A285-079AEF2B225F}.Debug|x64.Build.0 = Debug|Any CPU
		{E75368A7-143F-48D4-A285-079AEF2B225F}.Debug|x86.ActiveCfg = Debug|Any CPU
		{E75368A7-143F-48D4-A285-079AEF2B225F}.Debug|x86.Build.0 = Debug|Any CPU
		{E75368A7-143F-48D4-A285-079AEF2B225F}.Release|Any CPU.ActiveCfg = Release|Any CPU
		{E75368A7-143F-48D4-A285-079AEF2B225F}.Release|Any CPU.Build.0 = Release|Any CPU
		{E75368A7-143F-48D4-A285-079AEF2B225F}.Release|x64.ActiveCfg = Release|Any CPU
		{E75368A7-143F-48D4-A285-079AEF2B225F}.Release|x64.Build.0 = Release|Any CPU
		{E75368A7-143F-48D4-A285-079AEF2B225F}.Release|x86.ActiveCfg = Release|Any CPU
		{E75368A7-143F-48D4-A285-079AEF2B225F}.Release|x86.Build.0 = Release|Any CPU
		{A7DAE93B-8CBF-4BF4-B08C-C61CCD059425}.Debug|Any CPU.ActiveCfg = Debug|Any CPU
		{A7DAE93B-8CBF-4BF4-B08C-C61CCD059425}.Debug|Any CPU.Build.0 = Debug|Any CPU
		{A7DAE93B-8CBF-4BF4-B08C-C61CCD059425}.Debug|x64.ActiveCfg = Debug|Any CPU
		{A7DAE93B-8CBF-4BF4-B08C-C61CCD059425}.Debug|x64.Build.0 = Debug|Any CPU
		{A7DAE93B-8CBF-4BF4-B08C-C61CCD059425}.Debug|x86.ActiveCfg = Debug|Any CPU
		{A7DAE93B-8CBF-4BF4-B08C-C61CCD059425}.Debug|x86.Build.0 = Debug|Any CPU
		{A7DAE93B-8CBF-4BF4-B08C-C61CCD059425}.Release|Any CPU.ActiveCfg = Release|Any CPU
		{A7DAE93B-8CBF-4BF4-B08C-C61CCD059425}.Release|Any CPU.Build.0 = Release|Any CPU
		{A7DAE93B-8CBF-4BF4-B08C-C61CCD059425}.Release|x64.ActiveCfg = Release|Any CPU
		{A7DAE93B-8CBF-4BF4-B08C-C61CCD059425}.Release|x64.Build.0 = Release|Any CPU
		{A7DAE93B-8CBF-4BF4-B08C-C61CCD059425}.Release|x86.ActiveCfg = Release|Any CPU
		{A7DAE93B-8CBF-4BF4-B08C-C61CCD059425}.Release|x86.Build.0 = Release|Any CPU
		{F3E5593E-6786-42B5-B877-AD72745D9D7A}.Debug|Any CPU.ActiveCfg = Debug|Any CPU
		{F3E5593E-6786-42B5-B877-AD72745D9D7A}.Debug|Any CPU.Build.0 = Debug|Any CPU
		{F3E5593E-6786-42B5-B877-AD72745D9D7A}.Debug|x64.ActiveCfg = Debug|Any CPU
		{F3E5593E-6786-42B5-B877-AD72745D9D7A}.Debug|x64.Build.0 = Debug|Any CPU
		{F3E5593E-6786-42B5-B877-AD72745D9D7A}.Debug|x86.ActiveCfg = Debug|Any CPU
		{F3E5593E-6786-42B5-B877-AD72745D9D7A}.Debug|x86.Build.0 = Debug|Any CPU
		{F3E5593E-6786-42B5-B877-AD72745D9D7A}.Release|Any CPU.ActiveCfg = Release|Any CPU
		{F3E5593E-6786-42B5-B877-AD72745D9D7A}.Release|Any CPU.Build.0 = Release|Any CPU
		{F3E5593E-6786-42B5-B877-AD72745D9D7A}.Release|x64.ActiveCfg = Release|Any CPU
		{F3E5593E-6786-42B5-B877-AD72745D9D7A}.Release|x64.Build.0 = Release|Any CPU
		{F3E5593E-6786-42B5-B877-AD72745D9D7A}.Release|x86.ActiveCfg = Release|Any CPU
		{F3E5593E-6786-42B5-B877-AD72745D9D7A}.Release|x86.Build.0 = Release|Any CPU
		{FCF5687C-ECC8-4E7C-95FE-83BD33B77468}.Debug|Any CPU.ActiveCfg = Debug|Any CPU
		{FCF5687C-ECC8-4E7C-95FE-83BD33B77468}.Debug|Any CPU.Build.0 = Debug|Any CPU
		{FCF5687C-ECC8-4E7C-95FE-83BD33B77468}.Debug|x64.ActiveCfg = Debug|Any CPU
		{FCF5687C-ECC8-4E7C-95FE-83BD33B77468}.Debug|x64.Build.0 = Debug|Any CPU
		{FCF5687C-ECC8-4E7C-95FE-83BD33B77468}.Debug|x86.ActiveCfg = Debug|Any CPU
		{FCF5687C-ECC8-4E7C-95FE-83BD33B77468}.Debug|x86.Build.0 = Debug|Any CPU
		{FCF5687C-ECC8-4E7C-95FE-83BD33B77468}.Release|Any CPU.ActiveCfg = Release|Any CPU
		{FCF5687C-ECC8-4E7C-95FE-83BD33B77468}.Release|Any CPU.Build.0 = Release|Any CPU
		{FCF5687C-ECC8-4E7C-95FE-83BD33B77468}.Release|x64.ActiveCfg = Release|Any CPU
		{FCF5687C-ECC8-4E7C-95FE-83BD33B77468}.Release|x64.Build.0 = Release|Any CPU
		{FCF5687C-ECC8-4E7C-95FE-83BD33B77468}.Release|x86.ActiveCfg = Release|Any CPU
		{FCF5687C-ECC8-4E7C-95FE-83BD33B77468}.Release|x86.Build.0 = Release|Any CPU
		{DDDC8E02-1229-45D3-9C72-C463DC46F697}.Debug|Any CPU.ActiveCfg = Debug|Any CPU
		{DDDC8E02-1229-45D3-9C72-C463DC46F697}.Debug|Any CPU.Build.0 = Debug|Any CPU
		{DDDC8E02-1229-45D3-9C72-C463DC46F697}.Debug|x64.ActiveCfg = Debug|Any CPU
		{DDDC8E02-1229-45D3-9C72-C463DC46F697}.Debug|x64.Build.0 = Debug|Any CPU
		{DDDC8E02-1229-45D3-9C72-C463DC46F697}.Debug|x86.ActiveCfg = Debug|Any CPU
		{DDDC8E02-1229-45D3-9C72-C463DC46F697}.Debug|x86.Build.0 = Debug|Any CPU
		{DDDC8E02-1229-45D3-9C72-C463DC46F697}.Release|Any CPU.ActiveCfg = Release|Any CPU
		{DDDC8E02-1229-45D3-9C72-C463DC46F697}.Release|Any CPU.Build.0 = Release|Any CPU
		{DDDC8E02-1229-45D3-9C72-C463DC46F697}.Release|x64.ActiveCfg = Release|Any CPU
		{DDDC8E02-1229-45D3-9C72-C463DC46F697}.Release|x64.Build.0 = Release|Any CPU
		{DDDC8E02-1229-45D3-9C72-C463DC46F697}.Release|x86.ActiveCfg = Release|Any CPU
		{DDDC8E02-1229-45D3-9C72-C463DC46F697}.Release|x86.Build.0 = Release|Any CPU
		{6EB29FDE-DB5D-4355-ADFB-EE96DFF2C4E6}.Debug|Any CPU.ActiveCfg = Debug|Any CPU
		{6EB29FDE-DB5D-4355-ADFB-EE96DFF2C4E6}.Debug|Any CPU.Build.0 = Debug|Any CPU
		{6EB29FDE-DB5D-4355-ADFB-EE96DFF2C4E6}.Debug|x64.ActiveCfg = Debug|Any CPU
		{6EB29FDE-DB5D-4355-ADFB-EE96DFF2C4E6}.Debug|x64.Build.0 = Debug|Any CPU
		{6EB29FDE-DB5D-4355-ADFB-EE96DFF2C4E6}.Debug|x86.ActiveCfg = Debug|Any CPU
		{6EB29FDE-DB5D-4355-ADFB-EE96DFF2C4E6}.Debug|x86.Build.0 = Debug|Any CPU
		{6EB29FDE-DB5D-4355-ADFB-EE96DFF2C4E6}.Release|Any CPU.ActiveCfg = Release|Any CPU
		{6EB29FDE-DB5D-4355-ADFB-EE96DFF2C4E6}.Release|Any CPU.Build.0 = Release|Any CPU
		{6EB29FDE-DB5D-4355-ADFB-EE96DFF2C4E6}.Release|x64.ActiveCfg = Release|Any CPU
		{6EB29FDE-DB5D-4355-ADFB-EE96DFF2C4E6}.Release|x64.Build.0 = Release|Any CPU
		{6EB29FDE-DB5D-4355-ADFB-EE96DFF2C4E6}.Release|x86.ActiveCfg = Release|Any CPU
		{6EB29FDE-DB5D-4355-ADFB-EE96DFF2C4E6}.Release|x86.Build.0 = Release|Any CPU
		{3E589711-83B1-4060-A4BE-F6FE2BC0067E}.Debug|Any CPU.ActiveCfg = Debug|Any CPU
		{3E589711-83B1-4060-A4BE-F6FE2BC0067E}.Debug|Any CPU.Build.0 = Debug|Any CPU
		{3E589711-83B1-4060-A4BE-F6FE2BC0067E}.Debug|x64.ActiveCfg = Debug|Any CPU
		{3E589711-83B1-4060-A4BE-F6FE2BC0067E}.Debug|x64.Build.0 = Debug|Any CPU
		{3E589711-83B1-4060-A4BE-F6FE2BC0067E}.Debug|x86.ActiveCfg = Debug|Any CPU
		{3E589711-83B1-4060-A4BE-F6FE2BC0067E}.Debug|x86.Build.0 = Debug|Any CPU
		{3E589711-83B1-4060-A4BE-F6FE2BC0067E}.Release|Any CPU.ActiveCfg = Release|Any CPU
		{3E589711-83B1-4060-A4BE-F6FE2BC0067E}.Release|Any CPU.Build.0 = Release|Any CPU
		{3E589711-83B1-4060-A4BE-F6FE2BC0067E}.Release|x64.ActiveCfg = Release|Any CPU
		{3E589711-83B1-4060-A4BE-F6FE2BC0067E}.Release|x64.Build.0 = Release|Any CPU
		{3E589711-83B1-4060-A4BE-F6FE2BC0067E}.Release|x86.ActiveCfg = Release|Any CPU
		{3E589711-83B1-4060-A4BE-F6FE2BC0067E}.Release|x86.Build.0 = Release|Any CPU
		{5D30CE24-B93E-494D-A598-B5720A973B9B}.Debug|Any CPU.ActiveCfg = Debug|Any CPU
		{5D30CE24-B93E-494D-A598-B5720A973B9B}.Debug|Any CPU.Build.0 = Debug|Any CPU
		{5D30CE24-B93E-494D-A598-B5720A973B9B}.Debug|x64.ActiveCfg = Debug|Any CPU
		{5D30CE24-B93E-494D-A598-B5720A973B9B}.Debug|x64.Build.0 = Debug|Any CPU
		{5D30CE24-B93E-494D-A598-B5720A973B9B}.Debug|x86.ActiveCfg = Debug|Any CPU
		{5D30CE24-B93E-494D-A598-B5720A973B9B}.Debug|x86.Build.0 = Debug|Any CPU
		{5D30CE24-B93E-494D-A598-B5720A973B9B}.Release|Any CPU.ActiveCfg = Release|Any CPU
		{5D30CE24-B93E-494D-A598-B5720A973B9B}.Release|Any CPU.Build.0 = Release|Any CPU
		{5D30CE24-B93E-494D-A598-B5720A973B9B}.Release|x64.ActiveCfg = Release|Any CPU
		{5D30CE24-B93E-494D-A598-B5720A973B9B}.Release|x64.Build.0 = Release|Any CPU
		{5D30CE24-B93E-494D-A598-B5720A973B9B}.Release|x86.ActiveCfg = Release|Any CPU
		{5D30CE24-B93E-494D-A598-B5720A973B9B}.Release|x86.Build.0 = Release|Any CPU
		{75C306CE-6885-4C08-AEE7-07B84D067B70}.Debug|Any CPU.ActiveCfg = Debug|Any CPU
		{75C306CE-6885-4C08-AEE7-07B84D067B70}.Debug|Any CPU.Build.0 = Debug|Any CPU
		{75C306CE-6885-4C08-AEE7-07B84D067B70}.Debug|x64.ActiveCfg = Debug|Any CPU
		{75C306CE-6885-4C08-AEE7-07B84D067B70}.Debug|x64.Build.0 = Debug|Any CPU
		{75C306CE-6885-4C08-AEE7-07B84D067B70}.Debug|x86.ActiveCfg = Debug|Any CPU
		{75C306CE-6885-4C08-AEE7-07B84D067B70}.Debug|x86.Build.0 = Debug|Any CPU
		{75C306CE-6885-4C08-AEE7-07B84D067B70}.Release|Any CPU.ActiveCfg = Release|Any CPU
		{75C306CE-6885-4C08-AEE7-07B84D067B70}.Release|Any CPU.Build.0 = Release|Any CPU
		{75C306CE-6885-4C08-AEE7-07B84D067B70}.Release|x64.ActiveCfg = Release|Any CPU
		{75C306CE-6885-4C08-AEE7-07B84D067B70}.Release|x64.Build.0 = Release|Any CPU
		{75C306CE-6885-4C08-AEE7-07B84D067B70}.Release|x86.ActiveCfg = Release|Any CPU
		{75C306CE-6885-4C08-AEE7-07B84D067B70}.Release|x86.Build.0 = Release|Any CPU
		{524A94D1-5A60-4C2E-8F4F-1B915417C8C8}.Debug|Any CPU.ActiveCfg = Debug|Any CPU
		{524A94D1-5A60-4C2E-8F4F-1B915417C8C8}.Debug|Any CPU.Build.0 = Debug|Any CPU
		{524A94D1-5A60-4C2E-8F4F-1B915417C8C8}.Debug|x64.ActiveCfg = Debug|Any CPU
		{524A94D1-5A60-4C2E-8F4F-1B915417C8C8}.Debug|x64.Build.0 = Debug|Any CPU
		{524A94D1-5A60-4C2E-8F4F-1B915417C8C8}.Debug|x86.ActiveCfg = Debug|Any CPU
		{524A94D1-5A60-4C2E-8F4F-1B915417C8C8}.Debug|x86.Build.0 = Debug|Any CPU
		{524A94D1-5A60-4C2E-8F4F-1B915417C8C8}.Release|Any CPU.ActiveCfg = Release|Any CPU
		{524A94D1-5A60-4C2E-8F4F-1B915417C8C8}.Release|Any CPU.Build.0 = Release|Any CPU
		{524A94D1-5A60-4C2E-8F4F-1B915417C8C8}.Release|x64.ActiveCfg = Release|Any CPU
		{524A94D1-5A60-4C2E-8F4F-1B915417C8C8}.Release|x64.Build.0 = Release|Any CPU
		{524A94D1-5A60-4C2E-8F4F-1B915417C8C8}.Release|x86.ActiveCfg = Release|Any CPU
		{524A94D1-5A60-4C2E-8F4F-1B915417C8C8}.Release|x86.Build.0 = Release|Any CPU
		{33D054FA-427B-444B-BB35-B1A7D3D171F8}.Debug|Any CPU.ActiveCfg = Debug|Any CPU
		{33D054FA-427B-444B-BB35-B1A7D3D171F8}.Debug|Any CPU.Build.0 = Debug|Any CPU
		{33D054FA-427B-444B-BB35-B1A7D3D171F8}.Debug|x64.ActiveCfg = Debug|Any CPU
		{33D054FA-427B-444B-BB35-B1A7D3D171F8}.Debug|x64.Build.0 = Debug|Any CPU
		{33D054FA-427B-444B-BB35-B1A7D3D171F8}.Debug|x86.ActiveCfg = Debug|Any CPU
		{33D054FA-427B-444B-BB35-B1A7D3D171F8}.Debug|x86.Build.0 = Debug|Any CPU
		{33D054FA-427B-444B-BB35-B1A7D3D171F8}.Release|Any CPU.ActiveCfg = Release|Any CPU
		{33D054FA-427B-444B-BB35-B1A7D3D171F8}.Release|Any CPU.Build.0 = Release|Any CPU
		{33D054FA-427B-444B-BB35-B1A7D3D171F8}.Release|x64.ActiveCfg = Release|Any CPU
		{33D054FA-427B-444B-BB35-B1A7D3D171F8}.Release|x64.Build.0 = Release|Any CPU
		{33D054FA-427B-444B-BB35-B1A7D3D171F8}.Release|x86.ActiveCfg = Release|Any CPU
		{33D054FA-427B-444B-BB35-B1A7D3D171F8}.Release|x86.Build.0 = Release|Any CPU
		{05BB561F-1C4A-47A3-9183-996BCAF0D094}.Debug|Any CPU.ActiveCfg = Debug|Any CPU
		{05BB561F-1C4A-47A3-9183-996BCAF0D094}.Debug|Any CPU.Build.0 = Debug|Any CPU
		{05BB561F-1C4A-47A3-9183-996BCAF0D094}.Debug|x64.ActiveCfg = Debug|Any CPU
		{05BB561F-1C4A-47A3-9183-996BCAF0D094}.Debug|x64.Build.0 = Debug|Any CPU
		{05BB561F-1C4A-47A3-9183-996BCAF0D094}.Debug|x86.ActiveCfg = Debug|Any CPU
		{05BB561F-1C4A-47A3-9183-996BCAF0D094}.Debug|x86.Build.0 = Debug|Any CPU
		{05BB561F-1C4A-47A3-9183-996BCAF0D094}.Release|Any CPU.ActiveCfg = Release|Any CPU
		{05BB561F-1C4A-47A3-9183-996BCAF0D094}.Release|Any CPU.Build.0 = Release|Any CPU
		{05BB561F-1C4A-47A3-9183-996BCAF0D094}.Release|x64.ActiveCfg = Release|Any CPU
		{05BB561F-1C4A-47A3-9183-996BCAF0D094}.Release|x64.Build.0 = Release|Any CPU
		{05BB561F-1C4A-47A3-9183-996BCAF0D094}.Release|x86.ActiveCfg = Release|Any CPU
		{05BB561F-1C4A-47A3-9183-996BCAF0D094}.Release|x86.Build.0 = Release|Any CPU
		{B4D681AA-1C53-4FCB-8DA7-7972F80C3B26}.Debug|Any CPU.ActiveCfg = Debug|Any CPU
		{B4D681AA-1C53-4FCB-8DA7-7972F80C3B26}.Debug|Any CPU.Build.0 = Debug|Any CPU
		{B4D681AA-1C53-4FCB-8DA7-7972F80C3B26}.Debug|x64.ActiveCfg = Debug|Any CPU
		{B4D681AA-1C53-4FCB-8DA7-7972F80C3B26}.Debug|x64.Build.0 = Debug|Any CPU
		{B4D681AA-1C53-4FCB-8DA7-7972F80C3B26}.Debug|x86.ActiveCfg = Debug|Any CPU
		{B4D681AA-1C53-4FCB-8DA7-7972F80C3B26}.Debug|x86.Build.0 = Debug|Any CPU
		{B4D681AA-1C53-4FCB-8DA7-7972F80C3B26}.Release|Any CPU.ActiveCfg = Release|Any CPU
		{B4D681AA-1C53-4FCB-8DA7-7972F80C3B26}.Release|Any CPU.Build.0 = Release|Any CPU
		{B4D681AA-1C53-4FCB-8DA7-7972F80C3B26}.Release|x64.ActiveCfg = Release|Any CPU
		{B4D681AA-1C53-4FCB-8DA7-7972F80C3B26}.Release|x64.Build.0 = Release|Any CPU
		{B4D681AA-1C53-4FCB-8DA7-7972F80C3B26}.Release|x86.ActiveCfg = Release|Any CPU
		{B4D681AA-1C53-4FCB-8DA7-7972F80C3B26}.Release|x86.Build.0 = Release|Any CPU
		{14EB5358-21FA-4D52-A9E2-46AC8733E9E0}.Debug|Any CPU.ActiveCfg = Debug|Any CPU
		{14EB5358-21FA-4D52-A9E2-46AC8733E9E0}.Debug|Any CPU.Build.0 = Debug|Any CPU
		{14EB5358-21FA-4D52-A9E2-46AC8733E9E0}.Debug|x64.ActiveCfg = Debug|Any CPU
		{14EB5358-21FA-4D52-A9E2-46AC8733E9E0}.Debug|x64.Build.0 = Debug|Any CPU
		{14EB5358-21FA-4D52-A9E2-46AC8733E9E0}.Debug|x86.ActiveCfg = Debug|Any CPU
		{14EB5358-21FA-4D52-A9E2-46AC8733E9E0}.Debug|x86.Build.0 = Debug|Any CPU
		{14EB5358-21FA-4D52-A9E2-46AC8733E9E0}.Release|Any CPU.ActiveCfg = Release|Any CPU
		{14EB5358-21FA-4D52-A9E2-46AC8733E9E0}.Release|Any CPU.Build.0 = Release|Any CPU
		{14EB5358-21FA-4D52-A9E2-46AC8733E9E0}.Release|x64.ActiveCfg = Release|Any CPU
		{14EB5358-21FA-4D52-A9E2-46AC8733E9E0}.Release|x64.Build.0 = Release|Any CPU
		{14EB5358-21FA-4D52-A9E2-46AC8733E9E0}.Release|x86.ActiveCfg = Release|Any CPU
		{14EB5358-21FA-4D52-A9E2-46AC8733E9E0}.Release|x86.Build.0 = Release|Any CPU
		{D02971BA-E9A5-49BC-8923-5467C0CF3A01}.Debug|Any CPU.ActiveCfg = Debug|Any CPU
		{D02971BA-E9A5-49BC-8923-5467C0CF3A01}.Debug|Any CPU.Build.0 = Debug|Any CPU
		{D02971BA-E9A5-49BC-8923-5467C0CF3A01}.Debug|x64.ActiveCfg = Debug|Any CPU
		{D02971BA-E9A5-49BC-8923-5467C0CF3A01}.Debug|x64.Build.0 = Debug|Any CPU
		{D02971BA-E9A5-49BC-8923-5467C0CF3A01}.Debug|x86.ActiveCfg = Debug|Any CPU
		{D02971BA-E9A5-49BC-8923-5467C0CF3A01}.Debug|x86.Build.0 = Debug|Any CPU
		{D02971BA-E9A5-49BC-8923-5467C0CF3A01}.Release|Any CPU.ActiveCfg = Release|Any CPU
		{D02971BA-E9A5-49BC-8923-5467C0CF3A01}.Release|Any CPU.Build.0 = Release|Any CPU
		{D02971BA-E9A5-49BC-8923-5467C0CF3A01}.Release|x64.ActiveCfg = Release|Any CPU
		{D02971BA-E9A5-49BC-8923-5467C0CF3A01}.Release|x64.Build.0 = Release|Any CPU
		{D02971BA-E9A5-49BC-8923-5467C0CF3A01}.Release|x86.ActiveCfg = Release|Any CPU
		{D02971BA-E9A5-49BC-8923-5467C0CF3A01}.Release|x86.Build.0 = Release|Any CPU
		{E47FE0BC-0347-41B2-A3C7-9D94DCBA40C9}.Debug|Any CPU.ActiveCfg = Debug|Any CPU
		{E47FE0BC-0347-41B2-A3C7-9D94DCBA40C9}.Debug|Any CPU.Build.0 = Debug|Any CPU
		{E47FE0BC-0347-41B2-A3C7-9D94DCBA40C9}.Debug|x64.ActiveCfg = Debug|Any CPU
		{E47FE0BC-0347-41B2-A3C7-9D94DCBA40C9}.Debug|x64.Build.0 = Debug|Any CPU
		{E47FE0BC-0347-41B2-A3C7-9D94DCBA40C9}.Debug|x86.ActiveCfg = Debug|Any CPU
		{E47FE0BC-0347-41B2-A3C7-9D94DCBA40C9}.Debug|x86.Build.0 = Debug|Any CPU
		{E47FE0BC-0347-41B2-A3C7-9D94DCBA40C9}.Release|Any CPU.ActiveCfg = Release|Any CPU
		{E47FE0BC-0347-41B2-A3C7-9D94DCBA40C9}.Release|Any CPU.Build.0 = Release|Any CPU
		{E47FE0BC-0347-41B2-A3C7-9D94DCBA40C9}.Release|x64.ActiveCfg = Release|Any CPU
		{E47FE0BC-0347-41B2-A3C7-9D94DCBA40C9}.Release|x64.Build.0 = Release|Any CPU
		{E47FE0BC-0347-41B2-A3C7-9D94DCBA40C9}.Release|x86.ActiveCfg = Release|Any CPU
		{E47FE0BC-0347-41B2-A3C7-9D94DCBA40C9}.Release|x86.Build.0 = Release|Any CPU
		{C56AC85C-56D8-4DFA-83C3-FCEE837F019D}.Debug|Any CPU.ActiveCfg = Debug|Any CPU
		{C56AC85C-56D8-4DFA-83C3-FCEE837F019D}.Debug|Any CPU.Build.0 = Debug|Any CPU
		{C56AC85C-56D8-4DFA-83C3-FCEE837F019D}.Debug|x64.ActiveCfg = Debug|Any CPU
		{C56AC85C-56D8-4DFA-83C3-FCEE837F019D}.Debug|x64.Build.0 = Debug|Any CPU
		{C56AC85C-56D8-4DFA-83C3-FCEE837F019D}.Debug|x86.ActiveCfg = Debug|Any CPU
		{C56AC85C-56D8-4DFA-83C3-FCEE837F019D}.Debug|x86.Build.0 = Debug|Any CPU
		{C56AC85C-56D8-4DFA-83C3-FCEE837F019D}.Release|Any CPU.ActiveCfg = Release|Any CPU
		{C56AC85C-56D8-4DFA-83C3-FCEE837F019D}.Release|Any CPU.Build.0 = Release|Any CPU
		{C56AC85C-56D8-4DFA-83C3-FCEE837F019D}.Release|x64.ActiveCfg = Release|Any CPU
		{C56AC85C-56D8-4DFA-83C3-FCEE837F019D}.Release|x64.Build.0 = Release|Any CPU
		{C56AC85C-56D8-4DFA-83C3-FCEE837F019D}.Release|x86.ActiveCfg = Release|Any CPU
		{C56AC85C-56D8-4DFA-83C3-FCEE837F019D}.Release|x86.Build.0 = Release|Any CPU
		{1C118DB7-26C6-4B0C-B9D8-463D2CBE70BB}.Debug|Any CPU.ActiveCfg = Debug|Any CPU
		{1C118DB7-26C6-4B0C-B9D8-463D2CBE70BB}.Debug|Any CPU.Build.0 = Debug|Any CPU
		{1C118DB7-26C6-4B0C-B9D8-463D2CBE70BB}.Debug|x64.ActiveCfg = Debug|Any CPU
		{1C118DB7-26C6-4B0C-B9D8-463D2CBE70BB}.Debug|x64.Build.0 = Debug|Any CPU
		{1C118DB7-26C6-4B0C-B9D8-463D2CBE70BB}.Debug|x86.ActiveCfg = Debug|Any CPU
		{1C118DB7-26C6-4B0C-B9D8-463D2CBE70BB}.Debug|x86.Build.0 = Debug|Any CPU
		{1C118DB7-26C6-4B0C-B9D8-463D2CBE70BB}.Release|Any CPU.ActiveCfg = Release|Any CPU
		{1C118DB7-26C6-4B0C-B9D8-463D2CBE70BB}.Release|Any CPU.Build.0 = Release|Any CPU
		{1C118DB7-26C6-4B0C-B9D8-463D2CBE70BB}.Release|x64.ActiveCfg = Release|Any CPU
		{1C118DB7-26C6-4B0C-B9D8-463D2CBE70BB}.Release|x64.Build.0 = Release|Any CPU
		{1C118DB7-26C6-4B0C-B9D8-463D2CBE70BB}.Release|x86.ActiveCfg = Release|Any CPU
		{1C118DB7-26C6-4B0C-B9D8-463D2CBE70BB}.Release|x86.Build.0 = Release|Any CPU
		{9431BAF6-6192-40AD-8158-5096B57721D9}.Debug|Any CPU.ActiveCfg = Debug|Any CPU
		{9431BAF6-6192-40AD-8158-5096B57721D9}.Debug|Any CPU.Build.0 = Debug|Any CPU
		{9431BAF6-6192-40AD-8158-5096B57721D9}.Debug|x64.ActiveCfg = Debug|Any CPU
		{9431BAF6-6192-40AD-8158-5096B57721D9}.Debug|x64.Build.0 = Debug|Any CPU
		{9431BAF6-6192-40AD-8158-5096B57721D9}.Debug|x86.ActiveCfg = Debug|Any CPU
		{9431BAF6-6192-40AD-8158-5096B57721D9}.Debug|x86.Build.0 = Debug|Any CPU
		{9431BAF6-6192-40AD-8158-5096B57721D9}.Release|Any CPU.ActiveCfg = Release|Any CPU
		{9431BAF6-6192-40AD-8158-5096B57721D9}.Release|Any CPU.Build.0 = Release|Any CPU
		{9431BAF6-6192-40AD-8158-5096B57721D9}.Release|x64.ActiveCfg = Release|Any CPU
		{9431BAF6-6192-40AD-8158-5096B57721D9}.Release|x64.Build.0 = Release|Any CPU
		{9431BAF6-6192-40AD-8158-5096B57721D9}.Release|x86.ActiveCfg = Release|Any CPU
		{9431BAF6-6192-40AD-8158-5096B57721D9}.Release|x86.Build.0 = Release|Any CPU
		{8E494D01-F42C-43FB-8DF9-1136BABD5EC5}.Debug|Any CPU.ActiveCfg = Debug|Any CPU
		{8E494D01-F42C-43FB-8DF9-1136BABD5EC5}.Debug|Any CPU.Build.0 = Debug|Any CPU
		{8E494D01-F42C-43FB-8DF9-1136BABD5EC5}.Debug|x64.ActiveCfg = Debug|Any CPU
		{8E494D01-F42C-43FB-8DF9-1136BABD5EC5}.Debug|x64.Build.0 = Debug|Any CPU
		{8E494D01-F42C-43FB-8DF9-1136BABD5EC5}.Debug|x86.ActiveCfg = Debug|Any CPU
		{8E494D01-F42C-43FB-8DF9-1136BABD5EC5}.Debug|x86.Build.0 = Debug|Any CPU
		{8E494D01-F42C-43FB-8DF9-1136BABD5EC5}.Release|Any CPU.ActiveCfg = Release|Any CPU
		{8E494D01-F42C-43FB-8DF9-1136BABD5EC5}.Release|Any CPU.Build.0 = Release|Any CPU
		{8E494D01-F42C-43FB-8DF9-1136BABD5EC5}.Release|x64.ActiveCfg = Release|Any CPU
		{8E494D01-F42C-43FB-8DF9-1136BABD5EC5}.Release|x64.Build.0 = Release|Any CPU
		{8E494D01-F42C-43FB-8DF9-1136BABD5EC5}.Release|x86.ActiveCfg = Release|Any CPU
		{8E494D01-F42C-43FB-8DF9-1136BABD5EC5}.Release|x86.Build.0 = Release|Any CPU
		{9B7BB17C-98EE-41AE-91F9-BF95229272A7}.Debug|Any CPU.ActiveCfg = Debug|Any CPU
		{9B7BB17C-98EE-41AE-91F9-BF95229272A7}.Debug|Any CPU.Build.0 = Debug|Any CPU
		{9B7BB17C-98EE-41AE-91F9-BF95229272A7}.Debug|x64.ActiveCfg = Debug|Any CPU
		{9B7BB17C-98EE-41AE-91F9-BF95229272A7}.Debug|x64.Build.0 = Debug|Any CPU
		{9B7BB17C-98EE-41AE-91F9-BF95229272A7}.Debug|x86.ActiveCfg = Debug|Any CPU
		{9B7BB17C-98EE-41AE-91F9-BF95229272A7}.Debug|x86.Build.0 = Debug|Any CPU
		{9B7BB17C-98EE-41AE-91F9-BF95229272A7}.Release|Any CPU.ActiveCfg = Release|Any CPU
		{9B7BB17C-98EE-41AE-91F9-BF95229272A7}.Release|Any CPU.Build.0 = Release|Any CPU
		{9B7BB17C-98EE-41AE-91F9-BF95229272A7}.Release|x64.ActiveCfg = Release|Any CPU
		{9B7BB17C-98EE-41AE-91F9-BF95229272A7}.Release|x64.Build.0 = Release|Any CPU
		{9B7BB17C-98EE-41AE-91F9-BF95229272A7}.Release|x86.ActiveCfg = Release|Any CPU
		{9B7BB17C-98EE-41AE-91F9-BF95229272A7}.Release|x86.Build.0 = Release|Any CPU
		{60ABAC34-05B7-41AE-A466-DEFBF607C106}.Debug|Any CPU.ActiveCfg = Debug|Any CPU
		{60ABAC34-05B7-41AE-A466-DEFBF607C106}.Debug|Any CPU.Build.0 = Debug|Any CPU
		{60ABAC34-05B7-41AE-A466-DEFBF607C106}.Debug|x64.ActiveCfg = Debug|Any CPU
		{60ABAC34-05B7-41AE-A466-DEFBF607C106}.Debug|x64.Build.0 = Debug|Any CPU
		{60ABAC34-05B7-41AE-A466-DEFBF607C106}.Debug|x86.ActiveCfg = Debug|Any CPU
		{60ABAC34-05B7-41AE-A466-DEFBF607C106}.Debug|x86.Build.0 = Debug|Any CPU
		{60ABAC34-05B7-41AE-A466-DEFBF607C106}.Release|Any CPU.ActiveCfg = Release|Any CPU
		{60ABAC34-05B7-41AE-A466-DEFBF607C106}.Release|Any CPU.Build.0 = Release|Any CPU
		{60ABAC34-05B7-41AE-A466-DEFBF607C106}.Release|x64.ActiveCfg = Release|Any CPU
		{60ABAC34-05B7-41AE-A466-DEFBF607C106}.Release|x64.Build.0 = Release|Any CPU
		{60ABAC34-05B7-41AE-A466-DEFBF607C106}.Release|x86.ActiveCfg = Release|Any CPU
		{60ABAC34-05B7-41AE-A466-DEFBF607C106}.Release|x86.Build.0 = Release|Any CPU
		{9C15A103-AAAB-4ADD-B9D3-1F5CC0AD1E0A}.Debug|Any CPU.ActiveCfg = Debug|Any CPU
		{9C15A103-AAAB-4ADD-B9D3-1F5CC0AD1E0A}.Debug|Any CPU.Build.0 = Debug|Any CPU
		{9C15A103-AAAB-4ADD-B9D3-1F5CC0AD1E0A}.Debug|x64.ActiveCfg = Debug|Any CPU
		{9C15A103-AAAB-4ADD-B9D3-1F5CC0AD1E0A}.Debug|x64.Build.0 = Debug|Any CPU
		{9C15A103-AAAB-4ADD-B9D3-1F5CC0AD1E0A}.Debug|x86.ActiveCfg = Debug|Any CPU
		{9C15A103-AAAB-4ADD-B9D3-1F5CC0AD1E0A}.Debug|x86.Build.0 = Debug|Any CPU
		{9C15A103-AAAB-4ADD-B9D3-1F5CC0AD1E0A}.Release|Any CPU.ActiveCfg = Release|Any CPU
		{9C15A103-AAAB-4ADD-B9D3-1F5CC0AD1E0A}.Release|Any CPU.Build.0 = Release|Any CPU
		{9C15A103-AAAB-4ADD-B9D3-1F5CC0AD1E0A}.Release|x64.ActiveCfg = Release|Any CPU
		{9C15A103-AAAB-4ADD-B9D3-1F5CC0AD1E0A}.Release|x64.Build.0 = Release|Any CPU
		{9C15A103-AAAB-4ADD-B9D3-1F5CC0AD1E0A}.Release|x86.ActiveCfg = Release|Any CPU
		{9C15A103-AAAB-4ADD-B9D3-1F5CC0AD1E0A}.Release|x86.Build.0 = Release|Any CPU
		{0CDD3DFA-BE30-4C0C-B601-D7774EDA83A9}.Debug|Any CPU.ActiveCfg = Debug|Any CPU
		{0CDD3DFA-BE30-4C0C-B601-D7774EDA83A9}.Debug|Any CPU.Build.0 = Debug|Any CPU
		{0CDD3DFA-BE30-4C0C-B601-D7774EDA83A9}.Debug|x64.ActiveCfg = Debug|Any CPU
		{0CDD3DFA-BE30-4C0C-B601-D7774EDA83A9}.Debug|x64.Build.0 = Debug|Any CPU
		{0CDD3DFA-BE30-4C0C-B601-D7774EDA83A9}.Debug|x86.ActiveCfg = Debug|Any CPU
		{0CDD3DFA-BE30-4C0C-B601-D7774EDA83A9}.Debug|x86.Build.0 = Debug|Any CPU
		{0CDD3DFA-BE30-4C0C-B601-D7774EDA83A9}.Release|Any CPU.ActiveCfg = Release|Any CPU
		{0CDD3DFA-BE30-4C0C-B601-D7774EDA83A9}.Release|Any CPU.Build.0 = Release|Any CPU
		{0CDD3DFA-BE30-4C0C-B601-D7774EDA83A9}.Release|x64.ActiveCfg = Release|Any CPU
		{0CDD3DFA-BE30-4C0C-B601-D7774EDA83A9}.Release|x64.Build.0 = Release|Any CPU
		{0CDD3DFA-BE30-4C0C-B601-D7774EDA83A9}.Release|x86.ActiveCfg = Release|Any CPU
		{0CDD3DFA-BE30-4C0C-B601-D7774EDA83A9}.Release|x86.Build.0 = Release|Any CPU
		{4CB906C4-DE76-4C28-90D6-BF27A43F09AA}.Debug|Any CPU.ActiveCfg = Debug|Any CPU
		{4CB906C4-DE76-4C28-90D6-BF27A43F09AA}.Debug|Any CPU.Build.0 = Debug|Any CPU
		{4CB906C4-DE76-4C28-90D6-BF27A43F09AA}.Debug|x64.ActiveCfg = Debug|Any CPU
		{4CB906C4-DE76-4C28-90D6-BF27A43F09AA}.Debug|x64.Build.0 = Debug|Any CPU
		{4CB906C4-DE76-4C28-90D6-BF27A43F09AA}.Debug|x86.ActiveCfg = Debug|Any CPU
		{4CB906C4-DE76-4C28-90D6-BF27A43F09AA}.Debug|x86.Build.0 = Debug|Any CPU
		{4CB906C4-DE76-4C28-90D6-BF27A43F09AA}.Release|Any CPU.ActiveCfg = Release|Any CPU
		{4CB906C4-DE76-4C28-90D6-BF27A43F09AA}.Release|Any CPU.Build.0 = Release|Any CPU
		{4CB906C4-DE76-4C28-90D6-BF27A43F09AA}.Release|x64.ActiveCfg = Release|Any CPU
		{4CB906C4-DE76-4C28-90D6-BF27A43F09AA}.Release|x64.Build.0 = Release|Any CPU
		{4CB906C4-DE76-4C28-90D6-BF27A43F09AA}.Release|x86.ActiveCfg = Release|Any CPU
		{4CB906C4-DE76-4C28-90D6-BF27A43F09AA}.Release|x86.Build.0 = Release|Any CPU
		{9BA423CA-1225-4827-B672-9949F6001C1C}.Debug|Any CPU.ActiveCfg = Debug|Any CPU
		{9BA423CA-1225-4827-B672-9949F6001C1C}.Debug|Any CPU.Build.0 = Debug|Any CPU
		{9BA423CA-1225-4827-B672-9949F6001C1C}.Debug|x64.ActiveCfg = Debug|Any CPU
		{9BA423CA-1225-4827-B672-9949F6001C1C}.Debug|x64.Build.0 = Debug|Any CPU
		{9BA423CA-1225-4827-B672-9949F6001C1C}.Debug|x86.ActiveCfg = Debug|Any CPU
		{9BA423CA-1225-4827-B672-9949F6001C1C}.Debug|x86.Build.0 = Debug|Any CPU
		{9BA423CA-1225-4827-B672-9949F6001C1C}.Release|Any CPU.ActiveCfg = Release|Any CPU
		{9BA423CA-1225-4827-B672-9949F6001C1C}.Release|Any CPU.Build.0 = Release|Any CPU
		{9BA423CA-1225-4827-B672-9949F6001C1C}.Release|x64.ActiveCfg = Release|Any CPU
		{9BA423CA-1225-4827-B672-9949F6001C1C}.Release|x64.Build.0 = Release|Any CPU
		{9BA423CA-1225-4827-B672-9949F6001C1C}.Release|x86.ActiveCfg = Release|Any CPU
		{9BA423CA-1225-4827-B672-9949F6001C1C}.Release|x86.Build.0 = Release|Any CPU
	EndGlobalSection
	GlobalSection(SolutionProperties) = preSolution
		HideSolutionNode = FALSE
	EndGlobalSection
	GlobalSection(NestedProjects) = preSolution
		{10C2FF4C-79F7-4741-812D-DE6C68F07D24} = {02F4DB97-E5CB-4CE5-ABA8-C491E39B37D3}
		{7FABB3E9-03BF-4F36-BEBC-EAA9CAB1B60B} = {10C2FF4C-79F7-4741-812D-DE6C68F07D24}
		{AC313B50-5BE8-495C-9530-FFCF9B1112C6} = {88C03C03-64E8-4593-9672-579410B155ED}
		{684C7C25-212F-4674-A471-272F5497A351} = {10C2FF4C-79F7-4741-812D-DE6C68F07D24}
		{6A1F1153-1D60-421A-903B-FC05C684DE8F} = {88C03C03-64E8-4593-9672-579410B155ED}
		{87ECF634-C263-4320-B2B9-646627380085} = {10C2FF4C-79F7-4741-812D-DE6C68F07D24}
		{F9D84B74-8155-4080-BBFD-4A7B19EC5552} = {88C03C03-64E8-4593-9672-579410B155ED}
		{88C03C03-64E8-4593-9672-579410B155ED} = {10C2FF4C-79F7-4741-812D-DE6C68F07D24}
		{95AD2484-F66F-48AC-9FDA-F471AA8A3D11} = {10C2FF4C-79F7-4741-812D-DE6C68F07D24}
		{5241F785-B611-43ED-B5D1-7F0356A17159} = {88C03C03-64E8-4593-9672-579410B155ED}
		{F13955E1-8796-411D-942E-AC15F6715487} = {10C2FF4C-79F7-4741-812D-DE6C68F07D24}
		{81F610FE-5C84-4344-83D5-7F108CCAC207} = {88C03C03-64E8-4593-9672-579410B155ED}
		{9A535273-B3A9-47ED-B52D-703DED51D096} = {02F4DB97-E5CB-4CE5-ABA8-C491E39B37D3}
		{BC0002DB-20FB-4AB3-8693-98C46D1BFC01} = {FE448151-96A4-4E5A-9476-CE1581F8CCA2}
		{FDC7F5DC-2FCF-4848-8034-95F711305FF8} = {02F4DB97-E5CB-4CE5-ABA8-C491E39B37D3}
		{2241F88C-1402-4873-9B18-B5C9FB232BD5} = {FDC7F5DC-2FCF-4848-8034-95F711305FF8}
		{9A32E8CC-2ED5-43C6-A9CA-D667C19B03D4} = {FE448151-96A4-4E5A-9476-CE1581F8CCA2}
		{4DC0AD0D-ECB0-49D0-A07B-FE9B43755E93} = {FDC7F5DC-2FCF-4848-8034-95F711305FF8}
		{15C9D190-A818-4B4A-A8C2-DFC57A9960BB} = {2241F88C-1402-4873-9B18-B5C9FB232BD5}
		{7EC05766-B18E-4310-8453-24DE906143FA} = {58A71628-474B-4238-9428-70F0AFFDB22E}
		{6CFE4647-7735-4D34-892B-7D02E0257065} = {58A71628-474B-4238-9428-70F0AFFDB22E}
		{E75368A7-143F-48D4-A285-079AEF2B225F} = {FDC7F5DC-2FCF-4848-8034-95F711305FF8}
		{A7DAE93B-8CBF-4BF4-B08C-C61CCD059425} = {2241F88C-1402-4873-9B18-B5C9FB232BD5}
		{F3E5593E-6786-42B5-B877-AD72745D9D7A} = {FDC7F5DC-2FCF-4848-8034-95F711305FF8}
		{FCF5687C-ECC8-4E7C-95FE-83BD33B77468} = {2241F88C-1402-4873-9B18-B5C9FB232BD5}
		{DDDC8E02-1229-45D3-9C72-C463DC46F697} = {FDC7F5DC-2FCF-4848-8034-95F711305FF8}
		{6EB29FDE-DB5D-4355-ADFB-EE96DFF2C4E6} = {2241F88C-1402-4873-9B18-B5C9FB232BD5}
		{3E589711-83B1-4060-A4BE-F6FE2BC0067E} = {FDC7F5DC-2FCF-4848-8034-95F711305FF8}
		{5D30CE24-B93E-494D-A598-B5720A973B9B} = {2241F88C-1402-4873-9B18-B5C9FB232BD5}
		{9B4E1ACF-8D99-4C57-B1A6-03355CC90615} = {02F4DB97-E5CB-4CE5-ABA8-C491E39B37D3}
		{0741C2C9-4157-40FB-B961-9D0EA9901DE5} = {9B4E1ACF-8D99-4C57-B1A6-03355CC90615}
		{75C306CE-6885-4C08-AEE7-07B84D067B70} = {9B4E1ACF-8D99-4C57-B1A6-03355CC90615}
		{524A94D1-5A60-4C2E-8F4F-1B915417C8C8} = {0741C2C9-4157-40FB-B961-9D0EA9901DE5}
		{33D054FA-427B-444B-BB35-B1A7D3D171F8} = {9B4E1ACF-8D99-4C57-B1A6-03355CC90615}
		{05BB561F-1C4A-47A3-9183-996BCAF0D094} = {0741C2C9-4157-40FB-B961-9D0EA9901DE5}
		{B4D681AA-1C53-4FCB-8DA7-7972F80C3B26} = {9B4E1ACF-8D99-4C57-B1A6-03355CC90615}
		{14EB5358-21FA-4D52-A9E2-46AC8733E9E0} = {0741C2C9-4157-40FB-B961-9D0EA9901DE5}
		{1E988BBB-9632-4EF6-884E-401ADBD8699F} = {02F4DB97-E5CB-4CE5-ABA8-C491E39B37D3}
		{D02971BA-E9A5-49BC-8923-5467C0CF3A01} = {1E988BBB-9632-4EF6-884E-401ADBD8699F}
		{E47FE0BC-0347-41B2-A3C7-9D94DCBA40C9} = {4BC34B92-6EB9-4F7A-84DA-BBA341BAEFEC}
		{C56AC85C-56D8-4DFA-83C3-FCEE837F019D} = {9B4E1ACF-8D99-4C57-B1A6-03355CC90615}
		{1C118DB7-26C6-4B0C-B9D8-463D2CBE70BB} = {0741C2C9-4157-40FB-B961-9D0EA9901DE5}
		{98A6A2FD-9E99-4C71-93DB-D00DEE4A4170} = {02F4DB97-E5CB-4CE5-ABA8-C491E39B37D3}
		{C6E0247F-CF50-4BF0-AE99-B69C83D3A0B3} = {98A6A2FD-9E99-4C71-93DB-D00DEE4A4170}
		{9431BAF6-6192-40AD-8158-5096B57721D9} = {9B4E1ACF-8D99-4C57-B1A6-03355CC90615}
		{8E494D01-F42C-43FB-8DF9-1136BABD5EC5} = {9B4E1ACF-8D99-4C57-B1A6-03355CC90615}
		{9B7BB17C-98EE-41AE-91F9-BF95229272A7} = {0741C2C9-4157-40FB-B961-9D0EA9901DE5}
		{60ABAC34-05B7-41AE-A466-DEFBF607C106} = {9B4E1ACF-8D99-4C57-B1A6-03355CC90615}
		{9C15A103-AAAB-4ADD-B9D3-1F5CC0AD1E0A} = {0741C2C9-4157-40FB-B961-9D0EA9901DE5}
		{4BC34B92-6EB9-4F7A-84DA-BBA341BAEFEC} = {1E988BBB-9632-4EF6-884E-401ADBD8699F}
		{0CDD3DFA-BE30-4C0C-B601-D7774EDA83A9} = {1E988BBB-9632-4EF6-884E-401ADBD8699F}
		{4CB906C4-DE76-4C28-90D6-BF27A43F09AA} = {9B4E1ACF-8D99-4C57-B1A6-03355CC90615}
		{9BA423CA-1225-4827-B672-9949F6001C1C} = {10C2FF4C-79F7-4741-812D-DE6C68F07D24}
	EndGlobalSection
	GlobalSection(ExtensibilityGlobals) = postSolution
		SolutionGuid = {09292463-D53B-451B-BCA3-086EF4C3A765}
	EndGlobalSection
EndGlobal
